
Microsoft Visual Studio Solution File, Format Version 12.00
# Visual Studio Version 17
VisualStudioVersion = 17.5.33530.505
MinimumVisualStudioVersion = 10.0.40219.1
Project("{9A19103F-16F7-4668-BE54-9A1E7A4F7556}") = "Viewfinder-DebugMenu", "Viewfinder-LevelSelect\Viewfinder-DebugMenu.csproj", "{D2E102F5-8CE3-4F21-B25F-1EAF039ECFCC}"
EndProject
Global
	GlobalSection(SolutionConfigurationPlatforms) = preSolution
		Debug|Any CPU = Debug|Any CPU
		Release|Any CPU = Release|Any CPU
	EndGlobalSection
	GlobalSection(ProjectConfigurationPlatforms) = postSolution
		{D2E102F5-8CE3-4F21-B25F-1EAF039ECFCC}.Debug|Any CPU.ActiveCfg = Debug|Any CPU
		{D2E102F5-8CE3-4F21-B25F-1EAF039ECFCC}.Debug|Any CPU.Build.0 = Debug|Any CPU
		{D2E102F5-8CE3-4F21-B25F-1EAF039ECFCC}.Release|Any CPU.ActiveCfg = Release|Any CPU
		{D2E102F5-8CE3-4F21-B25F-1EAF039ECFCC}.Release|Any CPU.Build.0 = Release|Any CPU
	EndGlobalSection
	GlobalSection(SolutionProperties) = preSolution
		HideSolutionNode = FALSE
	EndGlobalSection
	GlobalSection(ExtensibilityGlobals) = postSolution
		SolutionGuid = {F8AFAA1F-DF4B-4312-9A40-C064E03F1644}
	EndGlobalSection
EndGlobal
